
Microsoft Visual Studio Solution File, Format Version 12.00
# Visual Studio Version 16
VisualStudioVersion = 16.0.31515.178
MinimumVisualStudioVersion = 10.0.40219.1
Project("{2150E333-8FDC-42A3-9474-1A3956D46DE8}") = "src", "src", "{AD04E2F5-CDE3-4E33-AD65-C48512FF48E1}"
EndProject
Project("{2150E333-8FDC-42A3-9474-1A3956D46DE8}") = "API", "API", "{B0FE3357-D036-48D1-8832-D32A56640B57}"
EndProject
Project("{2150E333-8FDC-42A3-9474-1A3956D46DE8}") = "test", "test", "{A3074878-4E70-444D-8244-6C7601A3E9B6}"
EndProject
Project("{2150E333-8FDC-42A3-9474-1A3956D46DE8}") = "Core", "Core", "{2F72B6FF-D449-49C5-BF7F-32BB79958B8A}"
EndProject
Project("{2150E333-8FDC-42A3-9474-1A3956D46DE8}") = "Infrastructure", "Infrastructure", "{DD2FAD54-FEE2-4804-A863-E0E0FD756FF7}"
EndProject
Project("{2150E333-8FDC-42A3-9474-1A3956D46DE8}") = "UI", "UI", "{30854A68-8719-4811-B41E-9E11B1B8995A}"
EndProject
Project("{9A19103F-16F7-4668-BE54-9A1E7A4F7556}") = "FoodDelivery.Domain", "FoodDelivery.Domain\FoodDelivery.Domain.csproj", "{78D444E4-1AFF-4CD1-9285-3CD295CD591C}"
EndProject
Project("{FAE04EC0-301F-11D3-BF4B-00C04F79EFBC}") = "FoodDelivery.Application", "FoodDelivery.Application\FoodDelivery.Application.csproj", "{F28A3AEF-E881-4967-B9B1-AFC3DE952675}"
EndProject
Global
	GlobalSection(SolutionConfigurationPlatforms) = preSolution
		Debug|Any CPU = Debug|Any CPU
		Release|Any CPU = Release|Any CPU
	EndGlobalSection
	GlobalSection(ProjectConfigurationPlatforms) = postSolution
		{78D444E4-1AFF-4CD1-9285-3CD295CD591C}.Debug|Any CPU.ActiveCfg = Debug|Any CPU
		{78D444E4-1AFF-4CD1-9285-3CD295CD591C}.Debug|Any CPU.Build.0 = Debug|Any CPU
		{78D444E4-1AFF-4CD1-9285-3CD295CD591C}.Release|Any CPU.ActiveCfg = Release|Any CPU
		{78D444E4-1AFF-4CD1-9285-3CD295CD591C}.Release|Any CPU.Build.0 = Release|Any CPU
		{F28A3AEF-E881-4967-B9B1-AFC3DE952675}.Debug|Any CPU.ActiveCfg = Debug|Any CPU
		{F28A3AEF-E881-4967-B9B1-AFC3DE952675}.Debug|Any CPU.Build.0 = Debug|Any CPU
		{F28A3AEF-E881-4967-B9B1-AFC3DE952675}.Release|Any CPU.ActiveCfg = Release|Any CPU
		{F28A3AEF-E881-4967-B9B1-AFC3DE952675}.Release|Any CPU.Build.0 = Release|Any CPU
	EndGlobalSection
	GlobalSection(SolutionProperties) = preSolution
		HideSolutionNode = FALSE
	EndGlobalSection
	GlobalSection(NestedProjects) = preSolution
		{B0FE3357-D036-48D1-8832-D32A56640B57} = {AD04E2F5-CDE3-4E33-AD65-C48512FF48E1}
		{2F72B6FF-D449-49C5-BF7F-32BB79958B8A} = {AD04E2F5-CDE3-4E33-AD65-C48512FF48E1}
		{DD2FAD54-FEE2-4804-A863-E0E0FD756FF7} = {AD04E2F5-CDE3-4E33-AD65-C48512FF48E1}
		{30854A68-8719-4811-B41E-9E11B1B8995A} = {AD04E2F5-CDE3-4E33-AD65-C48512FF48E1}
		{78D444E4-1AFF-4CD1-9285-3CD295CD591C} = {2F72B6FF-D449-49C5-BF7F-32BB79958B8A}
		{F28A3AEF-E881-4967-B9B1-AFC3DE952675} = {2F72B6FF-D449-49C5-BF7F-32BB79958B8A}
	EndGlobalSection
	GlobalSection(ExtensibilityGlobals) = postSolution
		SolutionGuid = {E3347105-913E-4027-9A81-E3FDF5135897}
	EndGlobalSection
EndGlobal
