
Microsoft Visual Studio Solution File, Format Version 12.00
# Visual Studio Version 17
VisualStudioVersion = 17.1.32407.343
MinimumVisualStudioVersion = 10.0.40219.1
Project("{2150E333-8FDC-42A3-9474-1A3956D46DE8}") = "src", "src", "{AD04E2F5-CDE3-4E33-AD65-C48512FF48E1}"
EndProject
Project("{2150E333-8FDC-42A3-9474-1A3956D46DE8}") = "API", "API", "{B0FE3357-D036-48D1-8832-D32A56640B57}"
EndProject
Project("{2150E333-8FDC-42A3-9474-1A3956D46DE8}") = "test", "test", "{A3074878-4E70-444D-8244-6C7601A3E9B6}"
EndProject
Project("{2150E333-8FDC-42A3-9474-1A3956D46DE8}") = "Core", "Core", "{2F72B6FF-D449-49C5-BF7F-32BB79958B8A}"
EndProject
Project("{2150E333-8FDC-42A3-9474-1A3956D46DE8}") = "Infrastructure", "Infrastructure", "{DD2FAD54-FEE2-4804-A863-E0E0FD756FF7}"
EndProject
Project("{2150E333-8FDC-42A3-9474-1A3956D46DE8}") = "UI", "UI", "{30854A68-8719-4811-B41E-9E11B1B8995A}"
EndProject
Project("{9A19103F-16F7-4668-BE54-9A1E7A4F7556}") = "FoodDelivery.Domain", "FoodDelivery.Domain\FoodDelivery.Domain.csproj", "{78D444E4-1AFF-4CD1-9285-3CD295CD591C}"
EndProject
Project("{9A19103F-16F7-4668-BE54-9A1E7A4F7556}") = "FoodDelivery.Application", "FoodDelivery.Application\FoodDelivery.Application.csproj", "{F28A3AEF-E881-4967-B9B1-AFC3DE952675}"
EndProject
Project("{9A19103F-16F7-4668-BE54-9A1E7A4F7556}") = "FoodDelivery.Infrastructure", "FoodDelivery.Infrastructure\FoodDelivery.Infrastructure.csproj", "{22059B54-BD8D-49DE-9A38-B42484A3AD50}"
EndProject
Project("{9A19103F-16F7-4668-BE54-9A1E7A4F7556}") = "FoodDelivery.Persistence", "FoodDelivery.Persistence\FoodDelivery.Persistence.csproj", "{710E200B-5419-4707-9228-91C9CD1D0BC5}"
EndProject
Project("{9A19103F-16F7-4668-BE54-9A1E7A4F7556}") = "FoodDelivery.Api", "FoodDelivery.Api\FoodDelivery.Api.csproj", "{BE7A5064-B989-484A-963A-6882696723FF}"
EndProject
Project("{9A19103F-16F7-4668-BE54-9A1E7A4F7556}") = "FoodDelivery.Application.UnitTests", "FoodDelivery.Application.UnitTests\FoodDelivery.Application.UnitTests.csproj", "{F579F6FB-5796-46AF-BA7D-EE8E3B6D0FBC}"
EndProject
Project("{9A19103F-16F7-4668-BE54-9A1E7A4F7556}") = "FoodDelivery.Identity", "FoodDelivery.Identity\FoodDelivery.Identity.csproj", "{92437FC4-2663-4B73-B79C-D64B8C84D3B0}"
EndProject
Global
	GlobalSection(SolutionConfigurationPlatforms) = preSolution
		Debug|Any CPU = Debug|Any CPU
		Release|Any CPU = Release|Any CPU
	EndGlobalSection
	GlobalSection(ProjectConfigurationPlatforms) = postSolution
		{78D444E4-1AFF-4CD1-9285-3CD295CD591C}.Debug|Any CPU.ActiveCfg = Debug|Any CPU
		{78D444E4-1AFF-4CD1-9285-3CD295CD591C}.Debug|Any CPU.Build.0 = Debug|Any CPU
		{78D444E4-1AFF-4CD1-9285-3CD295CD591C}.Release|Any CPU.ActiveCfg = Release|Any CPU
		{78D444E4-1AFF-4CD1-9285-3CD295CD591C}.Release|Any CPU.Build.0 = Release|Any CPU
		{F28A3AEF-E881-4967-B9B1-AFC3DE952675}.Debug|Any CPU.ActiveCfg = Debug|Any CPU
		{F28A3AEF-E881-4967-B9B1-AFC3DE952675}.Debug|Any CPU.Build.0 = Debug|Any CPU
		{F28A3AEF-E881-4967-B9B1-AFC3DE952675}.Release|Any CPU.ActiveCfg = Release|Any CPU
		{F28A3AEF-E881-4967-B9B1-AFC3DE952675}.Release|Any CPU.Build.0 = Release|Any CPU
		{22059B54-BD8D-49DE-9A38-B42484A3AD50}.Debug|Any CPU.ActiveCfg = Debug|Any CPU
		{22059B54-BD8D-49DE-9A38-B42484A3AD50}.Debug|Any CPU.Build.0 = Debug|Any CPU
		{22059B54-BD8D-49DE-9A38-B42484A3AD50}.Release|Any CPU.ActiveCfg = Release|Any CPU
		{22059B54-BD8D-49DE-9A38-B42484A3AD50}.Release|Any CPU.Build.0 = Release|Any CPU
		{710E200B-5419-4707-9228-91C9CD1D0BC5}.Debug|Any CPU.ActiveCfg = Debug|Any CPU
		{710E200B-5419-4707-9228-91C9CD1D0BC5}.Debug|Any CPU.Build.0 = Debug|Any CPU
		{710E200B-5419-4707-9228-91C9CD1D0BC5}.Release|Any CPU.ActiveCfg = Release|Any CPU
		{710E200B-5419-4707-9228-91C9CD1D0BC5}.Release|Any CPU.Build.0 = Release|Any CPU
		{BE7A5064-B989-484A-963A-6882696723FF}.Debug|Any CPU.ActiveCfg = Debug|Any CPU
		{BE7A5064-B989-484A-963A-6882696723FF}.Debug|Any CPU.Build.0 = Debug|Any CPU
		{BE7A5064-B989-484A-963A-6882696723FF}.Release|Any CPU.ActiveCfg = Release|Any CPU
		{BE7A5064-B989-484A-963A-6882696723FF}.Release|Any CPU.Build.0 = Release|Any CPU
		{F579F6FB-5796-46AF-BA7D-EE8E3B6D0FBC}.Debug|Any CPU.ActiveCfg = Debug|Any CPU
		{F579F6FB-5796-46AF-BA7D-EE8E3B6D0FBC}.Debug|Any CPU.Build.0 = Debug|Any CPU
		{F579F6FB-5796-46AF-BA7D-EE8E3B6D0FBC}.Release|Any CPU.ActiveCfg = Release|Any CPU
		{F579F6FB-5796-46AF-BA7D-EE8E3B6D0FBC}.Release|Any CPU.Build.0 = Release|Any CPU
		{92437FC4-2663-4B73-B79C-D64B8C84D3B0}.Debug|Any CPU.ActiveCfg = Debug|Any CPU
		{92437FC4-2663-4B73-B79C-D64B8C84D3B0}.Debug|Any CPU.Build.0 = Debug|Any CPU
		{92437FC4-2663-4B73-B79C-D64B8C84D3B0}.Release|Any CPU.ActiveCfg = Release|Any CPU
		{92437FC4-2663-4B73-B79C-D64B8C84D3B0}.Release|Any CPU.Build.0 = Release|Any CPU
	EndGlobalSection
	GlobalSection(SolutionProperties) = preSolution
		HideSolutionNode = FALSE
	EndGlobalSection
	GlobalSection(NestedProjects) = preSolution
		{B0FE3357-D036-48D1-8832-D32A56640B57} = {AD04E2F5-CDE3-4E33-AD65-C48512FF48E1}
		{2F72B6FF-D449-49C5-BF7F-32BB79958B8A} = {AD04E2F5-CDE3-4E33-AD65-C48512FF48E1}
		{DD2FAD54-FEE2-4804-A863-E0E0FD756FF7} = {AD04E2F5-CDE3-4E33-AD65-C48512FF48E1}
		{30854A68-8719-4811-B41E-9E11B1B8995A} = {AD04E2F5-CDE3-4E33-AD65-C48512FF48E1}
		{78D444E4-1AFF-4CD1-9285-3CD295CD591C} = {2F72B6FF-D449-49C5-BF7F-32BB79958B8A}
		{F28A3AEF-E881-4967-B9B1-AFC3DE952675} = {2F72B6FF-D449-49C5-BF7F-32BB79958B8A}
		{22059B54-BD8D-49DE-9A38-B42484A3AD50} = {DD2FAD54-FEE2-4804-A863-E0E0FD756FF7}
		{710E200B-5419-4707-9228-91C9CD1D0BC5} = {DD2FAD54-FEE2-4804-A863-E0E0FD756FF7}
		{BE7A5064-B989-484A-963A-6882696723FF} = {B0FE3357-D036-48D1-8832-D32A56640B57}
		{F579F6FB-5796-46AF-BA7D-EE8E3B6D0FBC} = {A3074878-4E70-444D-8244-6C7601A3E9B6}
		{92437FC4-2663-4B73-B79C-D64B8C84D3B0} = {DD2FAD54-FEE2-4804-A863-E0E0FD756FF7}
	EndGlobalSection
	GlobalSection(ExtensibilityGlobals) = postSolution
		SolutionGuid = {E3347105-913E-4027-9A81-E3FDF5135897}
	EndGlobalSection
EndGlobal
